// !$*UTF8*$!
{
	archiveVersion = 1;
	classes = {
	};
	objectVersion = 56;
	objects = {

/* Begin PBXBuildFile section */
		A9CB7D0A29FBA14000B9A95F /* __App.swift in Sources */ = {isa = PBXBuildFile; fileRef = A9CB7D0929FBA14000B9A95F /* __App.swift */; };
		A9CB7D0C29FBA14000B9A95F /* ContentView.swift in Sources */ = {isa = PBXBuildFile; fileRef = A9CB7D0B29FBA14000B9A95F /* ContentView.swift */; };
		A9CB7D0E29FBA14100B9A95F /* Assets.xcassets in Resources */ = {isa = PBXBuildFile; fileRef = A9CB7D0D29FBA14100B9A95F /* Assets.xcassets */; };
		A9CB7D1129FBA14100B9A95F /* Preview Assets.xcassets in Resources */ = {isa = PBXBuildFile; fileRef = A9CB7D1029FBA14100B9A95F /* Preview Assets.xcassets */; };
		A9CB7D1829FBA16400B9A95F /* SpeechRecognizer.swift in Sources */ = {isa = PBXBuildFile; fileRef = A9CB7D1729FBA16400B9A95F /* SpeechRecognizer.swift */; };
		A9CB7D2129FBBF8300B9A95F /* AxisContribution in Frameworks */ = {isa = PBXBuildFile; productRef = A9CB7D2029FBBF8300B9A95F /* AxisContribution */; };
		A9CB7D7429FBD93700B9A95F /* ACDataProvider.swift in Sources */ = {isa = PBXBuildFile; fileRef = A9CB7D6629FBD93700B9A95F /* ACDataProvider.swift */; };
		A9CB7D7529FBD93700B9A95F /* ACDataStore.swift in Sources */ = {isa = PBXBuildFile; fileRef = A9CB7D6729FBD93700B9A95F /* ACDataStore.swift */; };
		A9CB7D7629FBD93700B9A95F /* SizeModifier.swift in Sources */ = {isa = PBXBuildFile; fileRef = A9CB7D6929FBD93700B9A95F /* SizeModifier.swift */; };
		A9CB7D7729FBD93700B9A95F /* AxisContribution.swift in Sources */ = {isa = PBXBuildFile; fileRef = A9CB7D6A29FBD93700B9A95F /* AxisContribution.swift */; };
		A9CB7D7829FBD93700B9A95F /* Color+Extensions.swift in Sources */ = {isa = PBXBuildFile; fileRef = A9CB7D6C29FBD93700B9A95F /* Color+Extensions.swift */; };
		A9CB7D7929FBD93700B9A95F /* Date+Extensions.swift in Sources */ = {isa = PBXBuildFile; fileRef = A9CB7D6D29FBD93700B9A95F /* Date+Extensions.swift */; };
		A9CB7D7A29FBD93700B9A95F /* ACData.swift in Sources */ = {isa = PBXBuildFile; fileRef = A9CB7D6F29FBD93700B9A95F /* ACData.swift */; };
		A9CB7D7B29FBD93700B9A95F /* ACIndexSet.swift in Sources */ = {isa = PBXBuildFile; fileRef = A9CB7D7029FBD93700B9A95F /* ACIndexSet.swift */; };
		A9CB7D7C29FBD93700B9A95F /* ACConstant.swift in Sources */ = {isa = PBXBuildFile; fileRef = A9CB7D7129FBD93700B9A95F /* ACConstant.swift */; };
		A9CB7D7D29FBD93700B9A95F /* ACGridStack.swift in Sources */ = {isa = PBXBuildFile; fileRef = A9CB7D7329FBD93700B9A95F /* ACGridStack.swift */; };
		A9CB7D7F29FBEE9B00B9A95F /* Analyzer.swift in Sources */ = {isa = PBXBuildFile; fileRef = A9CB7D7E29FBEE9B00B9A95F /* Analyzer.swift */; };
		A9CB7D8129FC5B4A00B9A95F /* analyzeHelper.swift in Sources */ = {isa = PBXBuildFile; fileRef = A9CB7D8029FC5B4A00B9A95F /* analyzeHelper.swift */; };
		A9CB7D8529FC962800B9A95F /* DataProccessor.swift in Sources */ = {isa = PBXBuildFile; fileRef = A9CB7D8429FC962800B9A95F /* DataProccessor.swift */; };
		A9CB7D8929FE3A6F00B9A95F /* FrequentWordsView.swift in Sources */ = {isa = PBXBuildFile; fileRef = A9CB7D8829FE3A6F00B9A95F /* FrequentWordsView.swift */; };
/* End PBXBuildFile section */

/* Begin PBXFileReference section */
		A9CB7D0629FBA14000B9A95F /* 善言.app */ = {isa = PBXFileReference; explicitFileType = wrapper.application; includeInIndex = 0; path = "善言.app"; sourceTree = BUILT_PRODUCTS_DIR; };
		A9CB7D0929FBA14000B9A95F /* __App.swift */ = {isa = PBXFileReference; lastKnownFileType = sourcecode.swift; path = __App.swift; sourceTree = "<group>"; };
		A9CB7D0B29FBA14000B9A95F /* ContentView.swift */ = {isa = PBXFileReference; lastKnownFileType = sourcecode.swift; path = ContentView.swift; sourceTree = "<group>"; };
		A9CB7D0D29FBA14100B9A95F /* Assets.xcassets */ = {isa = PBXFileReference; lastKnownFileType = folder.assetcatalog; path = Assets.xcassets; sourceTree = "<group>"; };
		A9CB7D1029FBA14100B9A95F /* Preview Assets.xcassets */ = {isa = PBXFileReference; lastKnownFileType = folder.assetcatalog; path = "Preview Assets.xcassets"; sourceTree = "<group>"; };
		A9CB7D1729FBA16400B9A95F /* SpeechRecognizer.swift */ = {isa = PBXFileReference; lastKnownFileType = sourcecode.swift; path = SpeechRecognizer.swift; sourceTree = "<group>"; };
		A9CB7D1E29FBA78700B9A95F /* ---Info.plist */ = {isa = PBXFileReference; lastKnownFileType = text.plist; path = "---Info.plist"; sourceTree = SOURCE_ROOT; };
		A9CB7D6629FBD93700B9A95F /* ACDataProvider.swift */ = {isa = PBXFileReference; fileEncoding = 4; lastKnownFileType = sourcecode.swift; path = ACDataProvider.swift; sourceTree = "<group>"; };
		A9CB7D6729FBD93700B9A95F /* ACDataStore.swift */ = {isa = PBXFileReference; fileEncoding = 4; lastKnownFileType = sourcecode.swift; path = ACDataStore.swift; sourceTree = "<group>"; };
		A9CB7D6929FBD93700B9A95F /* SizeModifier.swift */ = {isa = PBXFileReference; fileEncoding = 4; lastKnownFileType = sourcecode.swift; path = SizeModifier.swift; sourceTree = "<group>"; };
		A9CB7D6A29FBD93700B9A95F /* AxisContribution.swift */ = {isa = PBXFileReference; fileEncoding = 4; lastKnownFileType = sourcecode.swift; path = AxisContribution.swift; sourceTree = "<group>"; };
		A9CB7D6C29FBD93700B9A95F /* Color+Extensions.swift */ = {isa = PBXFileReference; fileEncoding = 4; lastKnownFileType = sourcecode.swift; path = "Color+Extensions.swift"; sourceTree = "<group>"; };
		A9CB7D6D29FBD93700B9A95F /* Date+Extensions.swift */ = {isa = PBXFileReference; fileEncoding = 4; lastKnownFileType = sourcecode.swift; path = "Date+Extensions.swift"; sourceTree = "<group>"; };
		A9CB7D6F29FBD93700B9A95F /* ACData.swift */ = {isa = PBXFileReference; fileEncoding = 4; lastKnownFileType = sourcecode.swift; path = ACData.swift; sourceTree = "<group>"; };
		A9CB7D7029FBD93700B9A95F /* ACIndexSet.swift */ = {isa = PBXFileReference; fileEncoding = 4; lastKnownFileType = sourcecode.swift; path = ACIndexSet.swift; sourceTree = "<group>"; };
		A9CB7D7129FBD93700B9A95F /* ACConstant.swift */ = {isa = PBXFileReference; fileEncoding = 4; lastKnownFileType = sourcecode.swift; path = ACConstant.swift; sourceTree = "<group>"; };
		A9CB7D7329FBD93700B9A95F /* ACGridStack.swift */ = {isa = PBXFileReference; fileEncoding = 4; lastKnownFileType = sourcecode.swift; path = ACGridStack.swift; sourceTree = "<group>"; };
		A9CB7D7E29FBEE9B00B9A95F /* Analyzer.swift */ = {isa = PBXFileReference; lastKnownFileType = sourcecode.swift; path = Analyzer.swift; sourceTree = "<group>"; };
		A9CB7D8029FC5B4A00B9A95F /* analyzeHelper.swift */ = {isa = PBXFileReference; lastKnownFileType = sourcecode.swift; path = analyzeHelper.swift; sourceTree = "<group>"; };
		A9CB7D8429FC962800B9A95F /* DataProccessor.swift */ = {isa = PBXFileReference; lastKnownFileType = sourcecode.swift; path = DataProccessor.swift; sourceTree = "<group>"; };
		A9CB7D8829FE3A6F00B9A95F /* FrequentWordsView.swift */ = {isa = PBXFileReference; lastKnownFileType = sourcecode.swift; path = FrequentWordsView.swift; sourceTree = "<group>"; };
/* End PBXFileReference section */

/* Begin PBXFrameworksBuildPhase section */
		A9CB7D0329FBA14000B9A95F /* Frameworks */ = {
			isa = PBXFrameworksBuildPhase;
			buildActionMask = 2147483647;
			files = (
				A9CB7D2129FBBF8300B9A95F /* AxisContribution in Frameworks */,
			);
			runOnlyForDeploymentPostprocessing = 0;
		};
/* End PBXFrameworksBuildPhase section */

/* Begin PBXGroup section */
		A9CB7CFD29FBA14000B9A95F = {
			isa = PBXGroup;
			children = (
				A9CB7D0829FBA14000B9A95F /* 善言 */,
				A9CB7D0729FBA14000B9A95F /* Products */,
			);
			sourceTree = "<group>";
		};
		A9CB7D0729FBA14000B9A95F /* Products */ = {
			isa = PBXGroup;
			children = (
				A9CB7D0629FBA14000B9A95F /* 善言.app */,
			);
			name = Products;
			sourceTree = "<group>";
		};
		A9CB7D0829FBA14000B9A95F /* 善言 */ = {
			isa = PBXGroup;
			children = (
				A9CB7D1E29FBA78700B9A95F /* ---Info.plist */,
				A9CB7D8029FC5B4A00B9A95F /* analyzeHelper.swift */,
				A9CB7D0929FBA14000B9A95F /* __App.swift */,
				A9CB7D0B29FBA14000B9A95F /* ContentView.swift */,
				A9CB7D8829FE3A6F00B9A95F /* FrequentWordsView.swift */,
				A9CB7D6A29FBD93700B9A95F /* AxisContribution.swift */,
				A9CB7D6629FBD93700B9A95F /* ACDataProvider.swift */,
				A9CB7D6729FBD93700B9A95F /* ACDataStore.swift */,
				A9CB7D6929FBD93700B9A95F /* SizeModifier.swift */,
				A9CB7D6C29FBD93700B9A95F /* Color+Extensions.swift */,
				A9CB7D6D29FBD93700B9A95F /* Date+Extensions.swift */,
				A9CB7D6F29FBD93700B9A95F /* ACData.swift */,
				A9CB7D7029FBD93700B9A95F /* ACIndexSet.swift */,
				A9CB7D7129FBD93700B9A95F /* ACConstant.swift */,
				A9CB7D7329FBD93700B9A95F /* ACGridStack.swift */,
				A9CB7D7E29FBEE9B00B9A95F /* Analyzer.swift */,
				A9CB7D8429FC962800B9A95F /* DataProccessor.swift */,
				A9CB7D1729FBA16400B9A95F /* SpeechRecognizer.swift */,
				A9CB7D0D29FBA14100B9A95F /* Assets.xcassets */,
				A9CB7D0F29FBA14100B9A95F /* Preview Content */,
			);
			path = "善言";
			sourceTree = "<group>";
		};
		A9CB7D0F29FBA14100B9A95F /* Preview Content */ = {
			isa = PBXGroup;
			children = (
				A9CB7D1029FBA14100B9A95F /* Preview Assets.xcassets */,
			);
			path = "Preview Content";
			sourceTree = "<group>";
		};
/* End PBXGroup section */

/* Begin PBXNativeTarget section */
		A9CB7D0529FBA14000B9A95F /* 善言 */ = {
			isa = PBXNativeTarget;
			buildConfigurationList = A9CB7D1429FBA14100B9A95F /* Build configuration list for PBXNativeTarget "善言" */;
			buildPhases = (
				A9CB7D0229FBA14000B9A95F /* Sources */,
				A9CB7D0329FBA14000B9A95F /* Frameworks */,
				A9CB7D0429FBA14000B9A95F /* Resources */,
			);
			buildRules = (
			);
			dependencies = (
			);
			name = "善言";
			packageProductDependencies = (
				A9CB7D2029FBBF8300B9A95F /* AxisContribution */,
			);
			productName = "善言";
			productReference = A9CB7D0629FBA14000B9A95F /* 善言.app */;
			productType = "com.apple.product-type.application";
		};
/* End PBXNativeTarget section */

/* Begin PBXProject section */
		A9CB7CFE29FBA14000B9A95F /* Project object */ = {
			isa = PBXProject;
			attributes = {
				BuildIndependentTargetsInParallel = 1;
				LastSwiftUpdateCheck = 1420;
				LastUpgradeCheck = 1420;
				TargetAttributes = {
					A9CB7D0529FBA14000B9A95F = {
						CreatedOnToolsVersion = 14.2;
					};
				};
			};
			buildConfigurationList = A9CB7D0129FBA14000B9A95F /* Build configuration list for PBXProject "善言" */;
			compatibilityVersion = "Xcode 14.0";
			developmentRegion = en;
			hasScannedForEncodings = 0;
			knownRegions = (
				en,
				Base,
			);
			mainGroup = A9CB7CFD29FBA14000B9A95F;
			packageReferences = (
				A9CB7D1929FBA4E100B9A95F /* XCRemoteSwiftPackageReference "openai-kit" */,
				A9CB7D1F29FBBF8300B9A95F /* XCRemoteSwiftPackageReference "AxisContribution" */,
			);
			productRefGroup = A9CB7D0729FBA14000B9A95F /* Products */;
			projectDirPath = "";
			projectRoot = "";
			targets = (
				A9CB7D0529FBA14000B9A95F /* 善言 */,
			);
		};
/* End PBXProject section */

/* Begin PBXResourcesBuildPhase section */
		A9CB7D0429FBA14000B9A95F /* Resources */ = {
			isa = PBXResourcesBuildPhase;
			buildActionMask = 2147483647;
			files = (
				A9CB7D1129FBA14100B9A95F /* Preview Assets.xcassets in Resources */,
				A9CB7D0E29FBA14100B9A95F /* Assets.xcassets in Resources */,
			);
			runOnlyForDeploymentPostprocessing = 0;
		};
/* End PBXResourcesBuildPhase section */

/* Begin PBXSourcesBuildPhase section */
		A9CB7D0229FBA14000B9A95F /* Sources */ = {
			isa = PBXSourcesBuildPhase;
			buildActionMask = 2147483647;
			files = (
				A9CB7D8129FC5B4A00B9A95F /* analyzeHelper.swift in Sources */,
				A9CB7D0C29FBA14000B9A95F /* ContentView.swift in Sources */,
				A9CB7D7929FBD93700B9A95F /* Date+Extensions.swift in Sources */,
				A9CB7D7729FBD93700B9A95F /* AxisContribution.swift in Sources */,
				A9CB7D7B29FBD93700B9A95F /* ACIndexSet.swift in Sources */,
				A9CB7D7429FBD93700B9A95F /* ACDataProvider.swift in Sources */,
				A9CB7D7A29FBD93700B9A95F /* ACData.swift in Sources */,
				A9CB7D7529FBD93700B9A95F /* ACDataStore.swift in Sources */,
				A9CB7D7D29FBD93700B9A95F /* ACGridStack.swift in Sources */,
				A9CB7D7829FBD93700B9A95F /* Color+Extensions.swift in Sources */,
				A9CB7D7F29FBEE9B00B9A95F /* Analyzer.swift in Sources */,
				A9CB7D7C29FBD93700B9A95F /* ACConstant.swift in Sources */,
				A9CB7D8529FC962800B9A95F /* DataProccessor.swift in Sources */,
				A9CB7D8929FE3A6F00B9A95F /* FrequentWordsView.swift in Sources */,
				A9CB7D1829FBA16400B9A95F /* SpeechRecognizer.swift in Sources */,
				A9CB7D0A29FBA14000B9A95F /* __App.swift in Sources */,
				A9CB7D7629FBD93700B9A95F /* SizeModifier.swift in Sources */,
			);
			runOnlyForDeploymentPostprocessing = 0;
		};
/* End PBXSourcesBuildPhase section */

/* Begin XCBuildConfiguration section */
		A9CB7D1229FBA14100B9A95F /* Debug */ = {
			isa = XCBuildConfiguration;
			buildSettings = {
				ALWAYS_SEARCH_USER_PATHS = NO;
				CLANG_ANALYZER_NONNULL = YES;
				CLANG_ANALYZER_NUMBER_OBJECT_CONVERSION = YES_AGGRESSIVE;
				CLANG_CXX_LANGUAGE_STANDARD = "gnu++20";
				CLANG_ENABLE_MODULES = YES;
				CLANG_ENABLE_OBJC_ARC = YES;
				CLANG_ENABLE_OBJC_WEAK = YES;
				CLANG_WARN_BLOCK_CAPTURE_AUTORELEASING = YES;
				CLANG_WARN_BOOL_CONVERSION = YES;
				CLANG_WARN_COMMA = YES;
				CLANG_WARN_CONSTANT_CONVERSION = YES;
				CLANG_WARN_DEPRECATED_OBJC_IMPLEMENTATIONS = YES;
				CLANG_WARN_DIRECT_OBJC_ISA_USAGE = YES_ERROR;
				CLANG_WARN_DOCUMENTATION_COMMENTS = YES;
				CLANG_WARN_EMPTY_BODY = YES;
				CLANG_WARN_ENUM_CONVERSION = YES;
				CLANG_WARN_INFINITE_RECURSION = YES;
				CLANG_WARN_INT_CONVERSION = YES;
				CLANG_WARN_NON_LITERAL_NULL_CONVERSION = YES;
				CLANG_WARN_OBJC_IMPLICIT_RETAIN_SELF = YES;
				CLANG_WARN_OBJC_LITERAL_CONVERSION = YES;
				CLANG_WARN_OBJC_ROOT_CLASS = YES_ERROR;
				CLANG_WARN_QUOTED_INCLUDE_IN_FRAMEWORK_HEADER = YES;
				CLANG_WARN_RANGE_LOOP_ANALYSIS = YES;
				CLANG_WARN_STRICT_PROTOTYPES = YES;
				CLANG_WARN_SUSPICIOUS_MOVE = YES;
				CLANG_WARN_UNGUARDED_AVAILABILITY = YES_AGGRESSIVE;
				CLANG_WARN_UNREACHABLE_CODE = YES;
				CLANG_WARN__DUPLICATE_METHOD_MATCH = YES;
				COPY_PHASE_STRIP = NO;
				DEBUG_INFORMATION_FORMAT = dwarf;
				ENABLE_STRICT_OBJC_MSGSEND = YES;
				ENABLE_TESTABILITY = YES;
				GCC_C_LANGUAGE_STANDARD = gnu11;
				GCC_DYNAMIC_NO_PIC = NO;
				GCC_NO_COMMON_BLOCKS = YES;
				GCC_OPTIMIZATION_LEVEL = 0;
				GCC_PREPROCESSOR_DEFINITIONS = (
					"DEBUG=1",
					"$(inherited)",
				);
				GCC_WARN_64_TO_32_BIT_CONVERSION = YES;
				GCC_WARN_ABOUT_RETURN_TYPE = YES_ERROR;
				GCC_WARN_UNDECLARED_SELECTOR = YES;
				GCC_WARN_UNINITIALIZED_AUTOS = YES_AGGRESSIVE;
				GCC_WARN_UNUSED_FUNCTION = YES;
				GCC_WARN_UNUSED_VARIABLE = YES;
				IPHONEOS_DEPLOYMENT_TARGET = 16.2;
				MTL_ENABLE_DEBUG_INFO = INCLUDE_SOURCE;
				MTL_FAST_MATH = YES;
				ONLY_ACTIVE_ARCH = YES;
				SDKROOT = iphoneos;
				SWIFT_ACTIVE_COMPILATION_CONDITIONS = DEBUG;
				SWIFT_OPTIMIZATION_LEVEL = "-Onone";
			};
			name = Debug;
		};
		A9CB7D1329FBA14100B9A95F /* Release */ = {
			isa = XCBuildConfiguration;
			buildSettings = {
				ALWAYS_SEARCH_USER_PATHS = NO;
				CLANG_ANALYZER_NONNULL = YES;
				CLANG_ANALYZER_NUMBER_OBJECT_CONVERSION = YES_AGGRESSIVE;
				CLANG_CXX_LANGUAGE_STANDARD = "gnu++20";
				CLANG_ENABLE_MODULES = YES;
				CLANG_ENABLE_OBJC_ARC = YES;
				CLANG_ENABLE_OBJC_WEAK = YES;
				CLANG_WARN_BLOCK_CAPTURE_AUTORELEASING = YES;
				CLANG_WARN_BOOL_CONVERSION = YES;
				CLANG_WARN_COMMA = YES;
				CLANG_WARN_CONSTANT_CONVERSION = YES;
				CLANG_WARN_DEPRECATED_OBJC_IMPLEMENTATIONS = YES;
				CLANG_WARN_DIRECT_OBJC_ISA_USAGE = YES_ERROR;
				CLANG_WARN_DOCUMENTATION_COMMENTS = YES;
				CLANG_WARN_EMPTY_BODY = YES;
				CLANG_WARN_ENUM_CONVERSION = YES;
				CLANG_WARN_INFINITE_RECURSION = YES;
				CLANG_WARN_INT_CONVERSION = YES;
				CLANG_WARN_NON_LITERAL_NULL_CONVERSION = YES;
				CLANG_WARN_OBJC_IMPLICIT_RETAIN_SELF = YES;
				CLANG_WARN_OBJC_LITERAL_CONVERSION = YES;
				CLANG_WARN_OBJC_ROOT_CLASS = YES_ERROR;
				CLANG_WARN_QUOTED_INCLUDE_IN_FRAMEWORK_HEADER = YES;
				CLANG_WARN_RANGE_LOOP_ANALYSIS = YES;
				CLANG_WARN_STRICT_PROTOTYPES = YES;
				CLANG_WARN_SUSPICIOUS_MOVE = YES;
				CLANG_WARN_UNGUARDED_AVAILABILITY = YES_AGGRESSIVE;
				CLANG_WARN_UNREACHABLE_CODE = YES;
				CLANG_WARN__DUPLICATE_METHOD_MATCH = YES;
				COPY_PHASE_STRIP = NO;
				DEBUG_INFORMATION_FORMAT = "dwarf-with-dsym";
				ENABLE_NS_ASSERTIONS = NO;
				ENABLE_STRICT_OBJC_MSGSEND = YES;
				GCC_C_LANGUAGE_STANDARD = gnu11;
				GCC_NO_COMMON_BLOCKS = YES;
				GCC_WARN_64_TO_32_BIT_CONVERSION = YES;
				GCC_WARN_ABOUT_RETURN_TYPE = YES_ERROR;
				GCC_WARN_UNDECLARED_SELECTOR = YES;
				GCC_WARN_UNINITIALIZED_AUTOS = YES_AGGRESSIVE;
				GCC_WARN_UNUSED_FUNCTION = YES;
				GCC_WARN_UNUSED_VARIABLE = YES;
				IPHONEOS_DEPLOYMENT_TARGET = 16.2;
				MTL_ENABLE_DEBUG_INFO = NO;
				MTL_FAST_MATH = YES;
				SDKROOT = iphoneos;
				SWIFT_COMPILATION_MODE = wholemodule;
				SWIFT_OPTIMIZATION_LEVEL = "-O";
				VALIDATE_PRODUCT = YES;
			};
			name = Release;
		};
		A9CB7D1529FBA14100B9A95F /* Debug */ = {
			isa = XCBuildConfiguration;
			buildSettings = {
				ASSETCATALOG_COMPILER_APPICON_NAME = AppIcon;
				ASSETCATALOG_COMPILER_GLOBAL_ACCENT_COLOR_NAME = AccentColor;
				CODE_SIGN_STYLE = Automatic;
				CURRENT_PROJECT_VERSION = 1;
				DEVELOPMENT_ASSET_PATHS = "\"善言/Preview Content\"";
				DEVELOPMENT_TEAM = 8B2UJGQQWA;
				ENABLE_PREVIEWS = YES;
				GENERATE_INFOPLIST_FILE = YES;
				INFOPLIST_FILE = "---Info.plist";
				INFOPLIST_KEY_CFBundleDisplayName = "言善";
				INFOPLIST_KEY_LSApplicationCategoryType = "public.app-category.utilities";
				INFOPLIST_KEY_NSMicrophoneUsageDescription = Hello;
				INFOPLIST_KEY_NSSpeechRecognitionUsageDescription = "";
				INFOPLIST_KEY_UIApplicationSceneManifest_Generation = YES;
				INFOPLIST_KEY_UIApplicationSupportsIndirectInputEvents = YES;
				INFOPLIST_KEY_UILaunchScreen_Generation = YES;
				INFOPLIST_KEY_UISupportedInterfaceOrientations = UIInterfaceOrientationPortrait;
				INFOPLIST_KEY_UISupportedInterfaceOrientations_iPad = "UIInterfaceOrientationLandscapeLeft UIInterfaceOrientationLandscapeRight UIInterfaceOrientationPortrait UIInterfaceOrientationPortraitUpsideDown";
				IPHONEOS_DEPLOYMENT_TARGET = 14.0;
				LD_RUNPATH_SEARCH_PATHS = (
					"$(inherited)",
					"@executable_path/Frameworks",
				);
				MARKETING_VERSION = 1.0;
				PRODUCT_BUNDLE_IDENTIFIER = "wwq.--";
				PRODUCT_NAME = "$(TARGET_NAME)";
				SWIFT_EMIT_LOC_STRINGS = YES;
				SWIFT_VERSION = 5.0;
				TARGETED_DEVICE_FAMILY = "1,2";
			};
			name = Debug;
		};
		A9CB7D1629FBA14100B9A95F /* Release */ = {
			isa = XCBuildConfiguration;
			buildSettings = {
				ASSETCATALOG_COMPILER_APPICON_NAME = AppIcon;
				ASSETCATALOG_COMPILER_GLOBAL_ACCENT_COLOR_NAME = AccentColor;
				CODE_SIGN_STYLE = Automatic;
				CURRENT_PROJECT_VERSION = 1;
				DEVELOPMENT_ASSET_PATHS = "\"善言/Preview Content\"";
				DEVELOPMENT_TEAM = 8B2UJGQQWA;
				ENABLE_PREVIEWS = YES;
				GENERATE_INFOPLIST_FILE = YES;
				INFOPLIST_FILE = "---Info.plist";
				INFOPLIST_KEY_CFBundleDisplayName = "言善";
				INFOPLIST_KEY_LSApplicationCategoryType = "public.app-category.utilities";
				INFOPLIST_KEY_NSMicrophoneUsageDescription = Hello;
				INFOPLIST_KEY_NSSpeechRecognitionUsageDescription = "";
				INFOPLIST_KEY_UIApplicationSceneManifest_Generation = YES;
				INFOPLIST_KEY_UIApplicationSupportsIndirectInputEvents = YES;
				INFOPLIST_KEY_UILaunchScreen_Generation = YES;
				INFOPLIST_KEY_UISupportedInterfaceOrientations = UIInterfaceOrientationPortrait;
				INFOPLIST_KEY_UISupportedInterfaceOrientations_iPad = "UIInterfaceOrientationLandscapeLeft UIInterfaceOrientationLandscapeRight UIInterfaceOrientationPortrait UIInterfaceOrientationPortraitUpsideDown";
				IPHONEOS_DEPLOYMENT_TARGET = 14.0;
				LD_RUNPATH_SEARCH_PATHS = (
					"$(inherited)",
					"@executable_path/Frameworks",
				);
				MARKETING_VERSION = 1.0;
				PRODUCT_BUNDLE_IDENTIFIER = "wwq.--";
				PRODUCT_NAME = "$(TARGET_NAME)";
				SWIFT_EMIT_LOC_STRINGS = YES;
				SWIFT_VERSION = 5.0;
				TARGETED_DEVICE_FAMILY = "1,2";
			};
			name = Release;
		};
/* End XCBuildConfiguration section */

/* Begin XCConfigurationList section */
		A9CB7D0129FBA14000B9A95F /* Build configuration list for PBXProject "善言" */ = {
			isa = XCConfigurationList;
			buildConfigurations = (
				A9CB7D1229FBA14100B9A95F /* Debug */,
				A9CB7D1329FBA14100B9A95F /* Release */,
			);
			defaultConfigurationIsVisible = 0;
			defaultConfigurationName = Release;
		};
		A9CB7D1429FBA14100B9A95F /* Build configuration list for PBXNativeTarget "善言" */ = {
			isa = XCConfigurationList;
			buildConfigurations = (
				A9CB7D1529FBA14100B9A95F /* Debug */,
				A9CB7D1629FBA14100B9A95F /* Release */,
			);
			defaultConfigurationIsVisible = 0;
			defaultConfigurationName = Release;
		};
/* End XCConfigurationList section */

/* Begin XCRemoteSwiftPackageReference section */
		A9CB7D1929FBA4E100B9A95F /* XCRemoteSwiftPackageReference "openai-kit" */ = {
			isa = XCRemoteSwiftPackageReference;
			repositoryURL = "https://github.com/dylanshine/openai-kit";
			requirement = {
				kind = upToNextMajorVersion;
				minimumVersion = 1.0.0;
			};
		};
		A9CB7D1F29FBBF8300B9A95F /* XCRemoteSwiftPackageReference "AxisContribution" */ = {
			isa = XCRemoteSwiftPackageReference;
			repositoryURL = "https://github.com/jasudev/AxisContribution";
			requirement = {
				kind = upToNextMajorVersion;
				minimumVersion = 0.5.0;
			};
		};
/* End XCRemoteSwiftPackageReference section */

/* Begin XCSwiftPackageProductDependency section */
		A9CB7D2029FBBF8300B9A95F /* AxisContribution */ = {
			isa = XCSwiftPackageProductDependency;
			package = A9CB7D1F29FBBF8300B9A95F /* XCRemoteSwiftPackageReference "AxisContribution" */;
			productName = AxisContribution;
		};
/* End XCSwiftPackageProductDependency section */
	};
	rootObject = A9CB7CFE29FBA14000B9A95F /* Project object */;
}
